
Microsoft Visual Studio Solution File, Format Version 12.00
# Visual Studio Version 17
VisualStudioVersion = 17.9.34902.65
MinimumVisualStudioVersion = 10.0.40219.1
Project("{FAE04EC0-301F-11D3-BF4B-00C04F79EFBC}") = "Catalog_online", "Catalog_online\Catalog_online.csproj", "{6F438188-261B-44E5-AFAA-A5FD1C0897F7}"
EndProject
Global
	GlobalSection(SolutionConfigurationPlatforms) = preSolution
		Debug|Any CPU = Debug|Any CPU
		Release|Any CPU = Release|Any CPU
	EndGlobalSection
	GlobalSection(ProjectConfigurationPlatforms) = postSolution
		{6F438188-261B-44E5-AFAA-A5FD1C0897F7}.Debug|Any CPU.ActiveCfg = Debug|Any CPU
		{6F438188-261B-44E5-AFAA-A5FD1C0897F7}.Debug|Any CPU.Build.0 = Debug|Any CPU
		{6F438188-261B-44E5-AFAA-A5FD1C0897F7}.Release|Any CPU.ActiveCfg = Release|Any CPU
		{6F438188-261B-44E5-AFAA-A5FD1C0897F7}.Release|Any CPU.Build.0 = Release|Any CPU
	EndGlobalSection
	GlobalSection(SolutionProperties) = preSolution
		HideSolutionNode = FALSE
	EndGlobalSection
	GlobalSection(ExtensibilityGlobals) = postSolution
		SolutionGuid = {254D3E2A-99EE-433A-A37E-8A9B84BE7399}
	EndGlobalSection
EndGlobal
